Microsoft Visual Studio Solution File, Format Version 12.00
# Visual Studio Version 17
VisualStudioVersion = 17.14.37216.2
MinimumVisualStudioVersion = 10.0.40219.1
Project("{FAE04EC0-301F-11D3-BF4B-00C04F79EFBC}") = "SimToolsApp", "SimToolsApp\SimToolsApp.csproj", "{1B471CAE-2F4D-405A-AE9F-417F14DCEF27}"
EndProject
Project("{FAE04EC0-301F-11D3-BF4B-00C04F79EFBC}") = "SimToolsInstaller", "SimToolsInstaller\SimToolsInstaller.csproj", "{45DB4684-877D-47A4-8F18-9EF032953EF3}"
EndProject
Project("{FAE04EC0-301F-11D3-BF4B-00C04F79EFBC}") = "SimToolsUninstaller", "SimToolsUninstaller\SimToolsUninstaller.csproj", "{FDACE94E-1043-418D-98D5-DF0B1F4F9841}"
EndProject
Project("{FAE04EC0-301F-11D3-BF4B-00C04F79EFBC}") = "SimToolsUpdater", "SimToolsUpdater\SimToolsUpdater.csproj", "{A4C32F60-E783-4299-91C6-614EEC3ED708}"
EndProject
Project("{FAE04EC0-301F-11D3-BF4B-00C04F79EFBC}") = "SimToolsRepoMaker", "SimToolsRepoMaker\SimToolsRepoMaker.csproj", "{0E683814-6E27-4029-9208-CF3F83E32A51}"
EndProject
Project("{FAE04EC0-301F-11D3-BF4B-00C04F79EFBC}") = "SimToolsLanguageTool", "SimToolsLanguageTool\SimToolsLanguageTool.csproj", "{29D83AEE-47D2-43B2-839C-ED93864A0AE5}"
EndProject
Global
	GlobalSection(SolutionConfigurationPlatforms) = preSolution
		Debug|x64 = Debug|x64
		Debug|x86 = Debug|x86
		Release|x64 = Release|x64
		Release|x86 = Release|x86
	EndGlobalSection
	GlobalSection(ProjectConfigurationPlatforms) = postSolution
		{1B471CAE-2F4D-405A-AE9F-417F14DCEF27}.Debug|x64.ActiveCfg = Debug|x64
		{1B471CAE-2F4D-405A-AE9F-417F14DCEF27}.Debug|x64.Build.0 = Debug|x64
		{1B471CAE-2F4D-405A-AE9F-417F14DCEF27}.Debug|x86.ActiveCfg = Debug|x86
		{1B471CAE-2F4D-405A-AE9F-417F14DCEF27}.Debug|x86.Build.0 = Debug|x86
		{1B471CAE-2F4D-405A-AE9F-417F14DCEF27}.Release|x64.ActiveCfg = Release|x64
		{1B471CAE-2F4D-405A-AE9F-417F14DCEF27}.Release|x64.Build.0 = Release|x64
		{1B471CAE-2F4D-405A-AE9F-417F14DCEF27}.Release|x86.ActiveCfg = Release|x86
		{1B471CAE-2F4D-405A-AE9F-417F14DCEF27}.Release|x86.Build.0 = Release|x86
		{45DB4684-877D-47A4-8F18-9EF032953EF3}.Debug|x64.ActiveCfg = Debug|x86
		{45DB4684-877D-47A4-8F18-9EF032953EF3}.Debug|x64.Build.0 = Debug|x86
		{45DB4684-877D-47A4-8F18-9EF032953EF3}.Debug|x86.ActiveCfg = Debug|x86
		{45DB4684-877D-47A4-8F18-9EF032953EF3}.Debug|x86.Build.0 = Debug|x86
		{45DB4684-877D-47A4-8F18-9EF032953EF3}.Release|x64.ActiveCfg = Release|x86
		{45DB4684-877D-47A4-8F18-9EF032953EF3}.Release|x64.Build.0 = Release|x86
		{45DB4684-877D-47A4-8F18-9EF032953EF3}.Release|x86.ActiveCfg = Release|x86
		{45DB4684-877D-47A4-8F18-9EF032953EF3}.Release|x86.Build.0 = Release|x86
		{FDACE94E-1043-418D-98D5-DF0B1F4F9841}.Debug|x64.ActiveCfg = Debug|x86
		{FDACE94E-1043-418D-98D5-DF0B1F4F9841}.Debug|x64.Build.0 = Debug|x86
		{FDACE94E-1043-418D-98D5-DF0B1F4F9841}.Debug|x86.ActiveCfg = Debug|x86
		{FDACE94E-1043-418D-98D5-DF0B1F4F9841}.Debug|x86.Build.0 = Debug|x86
		{FDACE94E-1043-418D-98D5-DF0B1F4F9841}.Release|x64.ActiveCfg = Release|x86
		{FDACE94E-1043-418D-98D5-DF0B1F4F9841}.Release|x64.Build.0 = Release|x86
		{FDACE94E-1043-418D-98D5-DF0B1F4F9841}.Release|x86.ActiveCfg = Release|x86
		{FDACE94E-1043-418D-98D5-DF0B1F4F9841}.Release|x86.Build.0 = Release|x86
		{A4C32F60-E783-4299-91C6-614EEC3ED708}.Debug|x64.ActiveCfg = Debug|x86
		{A4C32F60-E783-4299-91C6-614EEC3ED708}.Debug|x64.Build.0 = Debug|x86
		{A4C32F60-E783-4299-91C6-614EEC3ED708}.Debug|x86.ActiveCfg = Debug|x86
		{A4C32F60-E783-4299-91C6-614EEC3ED708}.Debug|x86.Build.0 = Debug|x86
		{A4C32F60-E783-4299-91C6-614EEC3ED708}.Release|x64.ActiveCfg = Release|x86
		{A4C32F60-E783-4299-91C6-614EEC3ED708}.Release|x64.Build.0 = Release|x86
		{A4C32F60-E783-4299-91C6-614EEC3ED708}.Release|x86.ActiveCfg = Release|x86
		{A4C32F60-E783-4299-91C6-614EEC3ED708}.Release|x86.Build.0 = Release|x86
		{0E683814-6E27-4029-9208-CF3F83E32A51}.Debug|x64.ActiveCfg = Debug|x86
		{0E683814-6E27-4029-9208-CF3F83E32A51}.Debug|x64.Build.0 = Debug|x86
		{0E683814-6E27-4029-9208-CF3F83E32A51}.Debug|x86.ActiveCfg = Debug|x86
		{0E683814-6E27-4029-9208-CF3F83E32A51}.Debug|x86.Build.0 = Debug|x86
		{0E683814-6E27-4029-9208-CF3F83E32A51}.Release|x64.ActiveCfg = Release|x86
		{0E683814-6E27-4029-9208-CF3F83E32A51}.Release|x64.Build.0 = Release|x86
		{0E683814-6E27-4029-9208-CF3F83E32A51}.Release|x86.ActiveCfg = Release|x86
		{0E683814-6E27-4029-9208-CF3F83E32A51}.Release|x86.Build.0 = Release|x86
		{29D83AEE-47D2-43B2-839C-ED93864A0AE5}.Debug|x64.ActiveCfg = Debug|x86
		{29D83AEE-47D2-43B2-839C-ED93864A0AE5}.Debug|x64.Build.0 = Debug|x86
		{29D83AEE-47D2-43B2-839C-ED93864A0AE5}.Debug|x86.ActiveCfg = Debug|x86
		{29D83AEE-47D2-43B2-839C-ED93864A0AE5}.Debug|x86.Build.0 = Debug|x86
		{29D83AEE-47D2-43B2-839C-ED93864A0AE5}.Release|x64.ActiveCfg = Release|x86
		{29D83AEE-47D2-43B2-839C-ED93864A0AE5}.Release|x64.Build.0 = Release|x86
		{29D83AEE-47D2-43B2-839C-ED93864A0AE5}.Release|x86.ActiveCfg = Release|x86
		{29D83AEE-47D2-43B2-839C-ED93864A0AE5}.Release|x86.Build.0 = Release|x86
	EndGlobalSection
	GlobalSection(SolutionProperties) = preSolution
		HideSolutionNode = FALSE
	EndGlobalSection
	GlobalSection(ExtensibilityGlobals) = postSolution
		SolutionGuid = {AE051FD2-222A-4C87-B0CA-5EA93B337052}
	EndGlobalSection
EndGlobal